
Microsoft Visual Studio Solution File, Format Version 12.00
# Visual Studio Version 16
VisualStudioVersion = 16.0.30517.126
MinimumVisualStudioVersion = 10.0.40219.1
Project("{2150E333-8FDC-42A3-9474-1A3956D46DE8}") = "Core", "Core", "{3AB0AE99-AF04-4EE4-B88F-5D42672D5583}"
EndProject
Project("{FAE04EC0-301F-11D3-BF4B-00C04F79EFBC}") = "JinrouClient.Data", "Core\JinrouClient.Data\JinrouClient.Data.csproj", "{E9B44758-2AAF-47B7-AB5A-BA9EC786F7A6}"
EndProject
Project("{FAE04EC0-301F-11D3-BF4B-00C04F79EFBC}") = "JinrouClient.Domain", "Core\JinrouClient.Domain\JinrouClient.Domain.csproj", "{047A58F8-15B2-43BE-BF8C-94EB9914C7B7}"
EndProject
Project("{FAE04EC0-301F-11D3-BF4B-00C04F79EFBC}") = "JinrouClient.Usecase", "Core\JinrouClient.Usecase\JinrouClient.Usecase.csproj", "{59D15403-8928-46B1-B7F8-D34B3FB13DEB}"
EndProject
Project("{FAE04EC0-301F-11D3-BF4B-00C04F79EFBC}") = "JinrouClient", "JinrouClient\JinrouClient.csproj", "{B385542F-488D-4E77-8095-CD2E0576F1BF}"
EndProject
Project("{FAE04EC0-301F-11D3-BF4B-00C04F79EFBC}") = "JinrouClient.Android", "JinrouClient.Android\JinrouClient.Android.csproj", "{84D1BC1E-E86A-4179-ADCD-28D6FC4218F4}"
EndProject
Project("{FAE04EC0-301F-11D3-BF4B-00C04F79EFBC}") = "JinrouClient.iOS", "JinrouClient.iOS\JinrouClient.iOS.csproj", "{2B60D05B-894D-4721-9AEB-C37DF2653C71}"
EndProject
Project("{FAE04EC0-301F-11D3-BF4B-00C04F79EFBC}") = "JinrouClient.Cosole", "JinrouClient.Cosole\JinrouClient.Cosole.csproj", "{08764079-FC5F-4416-95C1-5200CCADED39}"
EndProject
Global
	GlobalSection(SolutionConfigurationPlatforms) = preSolution
		Ad-Hoc|Any CPU = Ad-Hoc|Any CPU
		Ad-Hoc|ARM = Ad-Hoc|ARM
		Ad-Hoc|iPhone = Ad-Hoc|iPhone
		Ad-Hoc|iPhoneSimulator = Ad-Hoc|iPhoneSimulator
		Ad-Hoc|x64 = Ad-Hoc|x64
		Ad-Hoc|x86 = Ad-Hoc|x86
		AppStore|Any CPU = AppStore|Any CPU
		AppStore|ARM = AppStore|ARM
		AppStore|iPhone = AppStore|iPhone
		AppStore|iPhoneSimulator = AppStore|iPhoneSimulator
		AppStore|x64 = AppStore|x64
		AppStore|x86 = AppStore|x86
		Debug|Any CPU = Debug|Any CPU
		Debug|ARM = Debug|ARM
		Debug|iPhone = Debug|iPhone
		Debug|iPhoneSimulator = Debug|iPhoneSimulator
		Debug|x64 = Debug|x64
		Debug|x86 = Debug|x86
		Release|Any CPU = Release|Any CPU
		Release|ARM = Release|ARM
		Release|iPhone = Release|iPhone
		Release|iPhoneSimulator = Release|iPhoneSimulator
		Release|x64 = Release|x64
		Release|x86 = Release|x86
	EndGlobalSection
	GlobalSection(ProjectConfigurationPlatforms) = postSolution
		{E9B44758-2AAF-47B7-AB5A-BA9EC786F7A6}.Ad-Hoc|Any CPU.ActiveCfg = Release|Any CPU
		{E9B44758-2AAF-47B7-AB5A-BA9EC786F7A6}.Ad-Hoc|Any CPU.Build.0 = Release|Any CPU
		{E9B44758-2AAF-47B7-AB5A-BA9EC786F7A6}.Ad-Hoc|ARM.ActiveCfg = Release|Any CPU
		{E9B44758-2AAF-47B7-AB5A-BA9EC786F7A6}.Ad-Hoc|ARM.Build.0 = Release|Any CPU
		{E9B44758-2AAF-47B7-AB5A-BA9EC786F7A6}.Ad-Hoc|iPhone.ActiveCfg = Release|Any CPU
		{E9B44758-2AAF-47B7-AB5A-BA9EC786F7A6}.Ad-Hoc|iPhone.Build.0 = Release|Any CPU
		{E9B44758-2AAF-47B7-AB5A-BA9EC786F7A6}.Ad-Hoc|iPhoneSimulator.ActiveCfg = Release|Any CPU
		{E9B44758-2AAF-47B7-AB5A-BA9EC786F7A6}.Ad-Hoc|iPhoneSimulator.Build.0 = Release|Any CPU
		{E9B44758-2AAF-47B7-AB5A-BA9EC786F7A6}.Ad-Hoc|x64.ActiveCfg = Release|Any CPU
		{E9B44758-2AAF-47B7-AB5A-BA9EC786F7A6}.Ad-Hoc|x64.Build.0 = Release|Any CPU
		{E9B44758-2AAF-47B7-AB5A-BA9EC786F7A6}.Ad-Hoc|x86.ActiveCfg = Release|Any CPU
		{E9B44758-2AAF-47B7-AB5A-BA9EC786F7A6}.Ad-Hoc|x86.Build.0 = Release|Any CPU
		{E9B44758-2AAF-47B7-AB5A-BA9EC786F7A6}.AppStore|Any CPU.ActiveCfg = Release|Any CPU
		{E9B44758-2AAF-47B7-AB5A-BA9EC786F7A6}.AppStore|Any CPU.Build.0 = Release|Any CPU
		{E9B44758-2AAF-47B7-AB5A-BA9EC786F7A6}.AppStore|ARM.ActiveCfg = Release|Any CPU
		{E9B44758-2AAF-47B7-AB5A-BA9EC786F7A6}.AppStore|ARM.Build.0 = Release|Any CPU
		{E9B44758-2AAF-47B7-AB5A-BA9EC786F7A6}.AppStore|iPhone.ActiveCfg = Release|Any CPU
		{E9B44758-2AAF-47B7-AB5A-BA9EC786F7A6}.AppStore|iPhone.Build.0 = Release|Any CPU
		{E9B44758-2AAF-47B7-AB5A-BA9EC786F7A6}.AppStore|iPhoneSimulator.ActiveCfg = Release|Any CPU
		{E9B44758-2AAF-47B7-AB5A-BA9EC786F7A6}.AppStore|iPhoneSimulator.Build.0 = Release|Any CPU
		{E9B44758-2AAF-47B7-AB5A-BA9EC786F7A6}.AppStore|x64.ActiveCfg = Release|Any CPU
		{E9B44758-2AAF-47B7-AB5A-BA9EC786F7A6}.AppStore|x64.Build.0 = Release|Any CPU
		{E9B44758-2AAF-47B7-AB5A-BA9EC786F7A6}.AppStore|x86.ActiveCfg = Release|Any CPU
		{E9B44758-2AAF-47B7-AB5A-BA9EC786F7A6}.AppStore|x86.Build.0 = Release|Any CPU
		{E9B44758-2AAF-47B7-AB5A-BA9EC786F7A6}.Debug|Any CPU.ActiveCfg = Debug|Any CPU
		{E9B44758-2AAF-47B7-AB5A-BA9EC786F7A6}.Debug|Any CPU.Build.0 = Debug|Any CPU
		{E9B44758-2AAF-47B7-AB5A-BA9EC786F7A6}.Debug|ARM.ActiveCfg = Debug|Any CPU
		{E9B44758-2AAF-47B7-AB5A-BA9EC786F7A6}.Debug|ARM.Build.0 = Debug|Any CPU
		{E9B44758-2AAF-47B7-AB5A-BA9EC786F7A6}.Debug|iPhone.ActiveCfg = Debug|Any CPU
		{E9B44758-2AAF-47B7-AB5A-BA9EC786F7A6}.Debug|iPhone.Build.0 = Debug|Any CPU
		{E9B44758-2AAF-47B7-AB5A-BA9EC786F7A6}.Debug|iPhoneSimulator.ActiveCfg = Debug|Any CPU
		{E9B44758-2AAF-47B7-AB5A-BA9EC786F7A6}.Debug|iPhoneSimulator.Build.0 = Debug|Any CPU
		{E9B44758-2AAF-47B7-AB5A-BA9EC786F7A6}.Debug|x64.ActiveCfg = Debug|Any CPU
		{E9B44758-2AAF-47B7-AB5A-BA9EC786F7A6}.Debug|x64.Build.0 = Debug|Any CPU
		{E9B44758-2AAF-47B7-AB5A-BA9EC786F7A6}.Debug|x86.ActiveCfg = Debug|Any CPU
		{E9B44758-2AAF-47B7-AB5A-BA9EC786F7A6}.Debug|x86.Build.0 = Debug|Any CPU
		{E9B44758-2AAF-47B7-AB5A-BA9EC786F7A6}.Release|Any CPU.ActiveCfg = Release|Any CPU
		{E9B44758-2AAF-47B7-AB5A-BA9EC786F7A6}.Release|Any CPU.Build.0 = Release|Any CPU
		{E9B44758-2AAF-47B7-AB5A-BA9EC786F7A6}.Release|ARM.ActiveCfg = Release|Any CPU
		{E9B44758-2AAF-47B7-AB5A-BA9EC786F7A6}.Release|ARM.Build.0 = Release|Any CPU
		{E9B44758-2AAF-47B7-AB5A-BA9EC786F7A6}.Release|iPhone.ActiveCfg = Release|Any CPU
		{E9B44758-2AAF-47B7-AB5A-BA9EC786F7A6}.Release|iPhone.Build.0 = Release|Any CPU
		{E9B44758-2AAF-47B7-AB5A-BA9EC786F7A6}.Release|iPhoneSimulator.ActiveCfg = Release|Any CPU
		{E9B44758-2AAF-47B7-AB5A-BA9EC786F7A6}.Release|iPhoneSimulator.Build.0 = Release|Any CPU
		{E9B44758-2AAF-47B7-AB5A-BA9EC786F7A6}.Release|x64.ActiveCfg = Release|Any CPU
		{E9B44758-2AAF-47B7-AB5A-BA9EC786F7A6}.Release|x64.Build.0 = Release|Any CPU
		{E9B44758-2AAF-47B7-AB5A-BA9EC786F7A6}.Release|x86.ActiveCfg = Release|Any CPU
		{E9B44758-2AAF-47B7-AB5A-BA9EC786F7A6}.Release|x86.Build.0 = Release|Any CPU
		{047A58F8-15B2-43BE-BF8C-94EB9914C7B7}.Ad-Hoc|Any CPU.ActiveCfg = Release|Any CPU
		{047A58F8-15B2-43BE-BF8C-94EB9914C7B7}.Ad-Hoc|Any CPU.Build.0 = Release|Any CPU
		{047A58F8-15B2-43BE-BF8C-94EB9914C7B7}.Ad-Hoc|ARM.ActiveCfg = Release|Any CPU
		{047A58F8-15B2-43BE-BF8C-94EB9914C7B7}.Ad-Hoc|ARM.Build.0 = Release|Any CPU
		{047A58F8-15B2-43BE-BF8C-94EB9914C7B7}.Ad-Hoc|iPhone.ActiveCfg = Release|Any CPU
		{047A58F8-15B2-43BE-BF8C-94EB9914C7B7}.Ad-Hoc|iPhone.Build.0 = Release|Any CPU
		{047A58F8-15B2-43BE-BF8C-94EB9914C7B7}.Ad-Hoc|iPhoneSimulator.ActiveCfg = Release|Any CPU
		{047A58F8-15B2-43BE-BF8C-94EB9914C7B7}.Ad-Hoc|iPhoneSimulator.Build.0 = Release|Any CPU
		{047A58F8-15B2-43BE-BF8C-94EB9914C7B7}.Ad-Hoc|x64.ActiveCfg = Release|Any CPU
		{047A58F8-15B2-43BE-BF8C-94EB9914C7B7}.Ad-Hoc|x64.Build.0 = Release|Any CPU
		{047A58F8-15B2-43BE-BF8C-94EB9914C7B7}.Ad-Hoc|x86.ActiveCfg = Release|Any CPU
		{047A58F8-15B2-43BE-BF8C-94EB9914C7B7}.Ad-Hoc|x86.Build.0 = Release|Any CPU
		{047A58F8-15B2-43BE-BF8C-94EB9914C7B7}.AppStore|Any CPU.ActiveCfg = Release|Any CPU
		{047A58F8-15B2-43BE-BF8C-94EB9914C7B7}.AppStore|Any CPU.Build.0 = Release|Any CPU
		{047A58F8-15B2-43BE-BF8C-94EB9914C7B7}.AppStore|ARM.ActiveCfg = Release|Any CPU
		{047A58F8-15B2-43BE-BF8C-94EB9914C7B7}.AppStore|ARM.Build.0 = Release|Any CPU
		{047A58F8-15B2-43BE-BF8C-94EB9914C7B7}.AppStore|iPhone.ActiveCfg = Release|Any CPU
		{047A58F8-15B2-43BE-BF8C-94EB9914C7B7}.AppStore|iPhone.Build.0 = Release|Any CPU
		{047A58F8-15B2-43BE-BF8C-94EB9914C7B7}.AppStore|iPhoneSimulator.ActiveCfg = Release|Any CPU
		{047A58F8-15B2-43BE-BF8C-94EB9914C7B7}.AppStore|iPhoneSimulator.Build.0 = Release|Any CPU
		{047A58F8-15B2-43BE-BF8C-94EB9914C7B7}.AppStore|x64.ActiveCfg = Release|Any CPU
		{047A58F8-15B2-43BE-BF8C-94EB9914C7B7}.AppStore|x64.Build.0 = Release|Any CPU
		{047A58F8-15B2-43BE-BF8C-94EB9914C7B7}.AppStore|x86.ActiveCfg = Release|Any CPU
		{047A58F8-15B2-43BE-BF8C-94EB9914C7B7}.AppStore|x86.Build.0 = Release|Any CPU
		{047A58F8-15B2-43BE-BF8C-94EB9914C7B7}.Debug|Any CPU.ActiveCfg = Debug|Any CPU
		{047A58F8-15B2-43BE-BF8C-94EB9914C7B7}.Debug|Any CPU.Build.0 = Debug|Any CPU
		{047A58F8-15B2-43BE-BF8C-94EB9914C7B7}.Debug|ARM.ActiveCfg = Debug|Any CPU
		{047A58F8-15B2-43BE-BF8C-94EB9914C7B7}.Debug|ARM.Build.0 = Debug|Any CPU
		{047A58F8-15B2-43BE-BF8C-94EB9914C7B7}.Debug|iPhone.ActiveCfg = Debug|Any CPU
		{047A58F8-15B2-43BE-BF8C-94EB9914C7B7}.Debug|iPhone.Build.0 = Debug|Any CPU
		{047A58F8-15B2-43BE-BF8C-94EB9914C7B7}.Debug|iPhoneSimulator.ActiveCfg = Debug|Any CPU
		{047A58F8-15B2-43BE-BF8C-94EB9914C7B7}.Debug|iPhoneSimulator.Build.0 = Debug|Any CPU
		{047A58F8-15B2-43BE-BF8C-94EB9914C7B7}.Debug|x64.ActiveCfg = Debug|Any CPU
		{047A58F8-15B2-43BE-BF8C-94EB9914C7B7}.Debug|x64.Build.0 = Debug|Any CPU
		{047A58F8-15B2-43BE-BF8C-94EB9914C7B7}.Debug|x86.ActiveCfg = Debug|Any CPU
		{047A58F8-15B2-43BE-BF8C-94EB9914C7B7}.Debug|x86.Build.0 = Debug|Any CPU
		{047A58F8-15B2-43BE-BF8C-94EB9914C7B7}.Release|Any CPU.ActiveCfg = Release|Any CPU
		{047A58F8-15B2-43BE-BF8C-94EB9914C7B7}.Release|Any CPU.Build.0 = Release|Any CPU
		{047A58F8-15B2-43BE-BF8C-94EB9914C7B7}.Release|ARM.ActiveCfg = Release|Any CPU
		{047A58F8-15B2-43BE-BF8C-94EB9914C7B7}.Release|ARM.Build.0 = Release|Any CPU
		{047A58F8-15B2-43BE-BF8C-94EB9914C7B7}.Release|iPhone.ActiveCfg = Release|Any CPU
		{047A58F8-15B2-43BE-BF8C-94EB9914C7B7}.Release|iPhone.Build.0 = Release|Any CPU
		{047A58F8-15B2-43BE-BF8C-94EB9914C7B7}.Release|iPhoneSimulator.ActiveCfg = Release|Any CPU
		{047A58F8-15B2-43BE-BF8C-94EB9914C7B7}.Release|iPhoneSimulator.Build.0 = Release|Any CPU
		{047A58F8-15B2-43BE-BF8C-94EB9914C7B7}.Release|x64.ActiveCfg = Release|Any CPU
		{047A58F8-15B2-43BE-BF8C-94EB9914C7B7}.Release|x64.Build.0 = Release|Any CPU
		{047A58F8-15B2-43BE-BF8C-94EB9914C7B7}.Release|x86.ActiveCfg = Release|Any CPU
		{047A58F8-15B2-43BE-BF8C-94EB9914C7B7}.Release|x86.Build.0 = Release|Any CPU
		{59D15403-8928-46B1-B7F8-D34B3FB13DEB}.Ad-Hoc|Any CPU.ActiveCfg = Release|Any CPU
		{59D15403-8928-46B1-B7F8-D34B3FB13DEB}.Ad-Hoc|Any CPU.Build.0 = Release|Any CPU
		{59D15403-8928-46B1-B7F8-D34B3FB13DEB}.Ad-Hoc|ARM.ActiveCfg = Release|Any CPU
		{59D15403-8928-46B1-B7F8-D34B3FB13DEB}.Ad-Hoc|ARM.Build.0 = Release|Any CPU
		{59D15403-8928-46B1-B7F8-D34B3FB13DEB}.Ad-Hoc|iPhone.ActiveCfg = Release|Any CPU
		{59D15403-8928-46B1-B7F8-D34B3FB13DEB}.Ad-Hoc|iPhone.Build.0 = Release|Any CPU
		{59D15403-8928-46B1-B7F8-D34B3FB13DEB}.Ad-Hoc|iPhoneSimulator.ActiveCfg = Release|Any CPU
		{59D15403-8928-46B1-B7F8-D34B3FB13DEB}.Ad-Hoc|iPhoneSimulator.Build.0 = Release|Any CPU
		{59D15403-8928-46B1-B7F8-D34B3FB13DEB}.Ad-Hoc|x64.ActiveCfg = Release|Any CPU
		{59D15403-8928-46B1-B7F8-D34B3FB13DEB}.Ad-Hoc|x64.Build.0 = Release|Any CPU
		{59D15403-8928-46B1-B7F8-D34B3FB13DEB}.Ad-Hoc|x86.ActiveCfg = Release|Any CPU
		{59D15403-8928-46B1-B7F8-D34B3FB13DEB}.Ad-Hoc|x86.Build.0 = Release|Any CPU
		{59D15403-8928-46B1-B7F8-D34B3FB13DEB}.AppStore|Any CPU.ActiveCfg = Release|Any CPU
		{59D15403-8928-46B1-B7F8-D34B3FB13DEB}.AppStore|Any CPU.Build.0 = Release|Any CPU
		{59D15403-8928-46B1-B7F8-D34B3FB13DEB}.AppStore|ARM.ActiveCfg = Release|Any CPU
		{59D15403-8928-46B1-B7F8-D34B3FB13DEB}.AppStore|ARM.Build.0 = Release|Any CPU
		{59D15403-8928-46B1-B7F8-D34B3FB13DEB}.AppStore|iPhone.ActiveCfg = Release|Any CPU
		{59D15403-8928-46B1-B7F8-D34B3FB13DEB}.AppStore|iPhone.Build.0 = Release|Any CPU
		{59D15403-8928-46B1-B7F8-D34B3FB13DEB}.AppStore|iPhoneSimulator.ActiveCfg = Release|Any CPU
		{59D15403-8928-46B1-B7F8-D34B3FB13DEB}.AppStore|iPhoneSimulator.Build.0 = Release|Any CPU
		{59D15403-8928-46B1-B7F8-D34B3FB13DEB}.AppStore|x64.ActiveCfg = Release|Any CPU
		{59D15403-8928-46B1-B7F8-D34B3FB13DEB}.AppStore|x64.Build.0 = Release|Any CPU
		{59D15403-8928-46B1-B7F8-D34B3FB13DEB}.AppStore|x86.ActiveCfg = Release|Any CPU
		{59D15403-8928-46B1-B7F8-D34B3FB13DEB}.AppStore|x86.Build.0 = Release|Any CPU
		{59D15403-8928-46B1-B7F8-D34B3FB13DEB}.Debug|Any CPU.ActiveCfg = Debug|Any CPU
		{59D15403-8928-46B1-B7F8-D34B3FB13DEB}.Debug|Any CPU.Build.0 = Debug|Any CPU
		{59D15403-8928-46B1-B7F8-D34B3FB13DEB}.Debug|ARM.ActiveCfg = Debug|Any CPU
		{59D15403-8928-46B1-B7F8-D34B3FB13DEB}.Debug|ARM.Build.0 = Debug|Any CPU
		{59D15403-8928-46B1-B7F8-D34B3FB13DEB}.Debug|iPhone.ActiveCfg = Debug|Any CPU
		{59D15403-8928-46B1-B7F8-D34B3FB13DEB}.Debug|iPhone.Build.0 = Debug|Any CPU
		{59D15403-8928-46B1-B7F8-D34B3FB13DEB}.Debug|iPhoneSimulator.ActiveCfg = Debug|Any CPU
		{59D15403-8928-46B1-B7F8-D34B3FB13DEB}.Debug|iPhoneSimulator.Build.0 = Debug|Any CPU
		{59D15403-8928-46B1-B7F8-D34B3FB13DEB}.Debug|x64.ActiveCfg = Debug|Any CPU
		{59D15403-8928-46B1-B7F8-D34B3FB13DEB}.Debug|x64.Build.0 = Debug|Any CPU
		{59D15403-8928-46B1-B7F8-D34B3FB13DEB}.Debug|x86.ActiveCfg = Debug|Any CPU
		{59D15403-8928-46B1-B7F8-D34B3FB13DEB}.Debug|x86.Build.0 = Debug|Any CPU
		{59D15403-8928-46B1-B7F8-D34B3FB13DEB}.Release|Any CPU.ActiveCfg = Release|Any CPU
		{59D15403-8928-46B1-B7F8-D34B3FB13DEB}.Release|Any CPU.Build.0 = Release|Any CPU
		{59D15403-8928-46B1-B7F8-D34B3FB13DEB}.Release|ARM.ActiveCfg = Release|Any CPU
		{59D15403-8928-46B1-B7F8-D34B3FB13DEB}.Release|ARM.Build.0 = Release|Any CPU
		{59D15403-8928-46B1-B7F8-D34B3FB13DEB}.Release|iPhone.ActiveCfg = Release|Any CPU
		{59D15403-8928-46B1-B7F8-D34B3FB13DEB}.Release|iPhone.Build.0 = Release|Any CPU
		{59D15403-8928-46B1-B7F8-D34B3FB13DEB}.Release|iPhoneSimulator.ActiveCfg = Release|Any CPU
		{59D15403-8928-46B1-B7F8-D34B3FB13DEB}.Release|iPhoneSimulator.Build.0 = Release|Any CPU
		{59D15403-8928-46B1-B7F8-D34B3FB13DEB}.Release|x64.ActiveCfg = Release|Any CPU
		{59D15403-8928-46B1-B7F8-D34B3FB13DEB}.Release|x64.Build.0 = Release|Any CPU
		{59D15403-8928-46B1-B7F8-D34B3FB13DEB}.Release|x86.ActiveCfg = Release|Any CPU
		{59D15403-8928-46B1-B7F8-D34B3FB13DEB}.Release|x86.Build.0 = Release|Any CPU
		{B385542F-488D-4E77-8095-CD2E0576F1BF}.Ad-Hoc|Any CPU.ActiveCfg = Release|Any CPU
		{B385542F-488D-4E77-8095-CD2E0576F1BF}.Ad-Hoc|Any CPU.Build.0 = Release|Any CPU
		{B385542F-488D-4E77-8095-CD2E0576F1BF}.Ad-Hoc|ARM.ActiveCfg = Release|Any CPU
		{B385542F-488D-4E77-8095-CD2E0576F1BF}.Ad-Hoc|ARM.Build.0 = Release|Any CPU
		{B385542F-488D-4E77-8095-CD2E0576F1BF}.Ad-Hoc|iPhone.ActiveCfg = Release|Any CPU
		{B385542F-488D-4E77-8095-CD2E0576F1BF}.Ad-Hoc|iPhone.Build.0 = Release|Any CPU
		{B385542F-488D-4E77-8095-CD2E0576F1BF}.Ad-Hoc|iPhoneSimulator.ActiveCfg = Release|Any CPU
		{B385542F-488D-4E77-8095-CD2E0576F1BF}.Ad-Hoc|iPhoneSimulator.Build.0 = Release|Any CPU
		{B385542F-488D-4E77-8095-CD2E0576F1BF}.Ad-Hoc|x64.ActiveCfg = Release|Any CPU
		{B385542F-488D-4E77-8095-CD2E0576F1BF}.Ad-Hoc|x64.Build.0 = Release|Any CPU
		{B385542F-488D-4E77-8095-CD2E0576F1BF}.Ad-Hoc|x86.ActiveCfg = Release|Any CPU
		{B385542F-488D-4E77-8095-CD2E0576F1BF}.Ad-Hoc|x86.Build.0 = Release|Any CPU
		{B385542F-488D-4E77-8095-CD2E0576F1BF}.AppStore|Any CPU.ActiveCfg = Release|Any CPU
		{B385542F-488D-4E77-8095-CD2E0576F1BF}.AppStore|Any CPU.Build.0 = Release|Any CPU
		{B385542F-488D-4E77-8095-CD2E0576F1BF}.AppStore|ARM.ActiveCfg = Release|Any CPU
		{B385542F-488D-4E77-8095-CD2E0576F1BF}.AppStore|ARM.Build.0 = Release|Any CPU
		{B385542F-488D-4E77-8095-CD2E0576F1BF}.AppStore|iPhone.ActiveCfg = Release|Any CPU
		{B385542F-488D-4E77-8095-CD2E0576F1BF}.AppStore|iPhone.Build.0 = Release|Any CPU
		{B385542F-488D-4E77-8095-CD2E0576F1BF}.AppStore|iPhoneSimulator.ActiveCfg = Release|Any CPU
		{B385542F-488D-4E77-8095-CD2E0576F1BF}.AppStore|iPhoneSimulator.Build.0 = Release|Any CPU
		{B385542F-488D-4E77-8095-CD2E0576F1BF}.AppStore|x64.ActiveCfg = Release|Any CPU
		{B385542F-488D-4E77-8095-CD2E0576F1BF}.AppStore|x64.Build.0 = Release|Any CPU
		{B385542F-488D-4E77-8095-CD2E0576F1BF}.AppStore|x86.ActiveCfg = Release|Any CPU
		{B385542F-488D-4E77-8095-CD2E0576F1BF}.AppStore|x86.Build.0 = Release|Any CPU
		{B385542F-488D-4E77-8095-CD2E0576F1BF}.Debug|Any CPU.ActiveCfg = Debug|Any CPU
		{B385542F-488D-4E77-8095-CD2E0576F1BF}.Debug|Any CPU.Build.0 = Debug|Any CPU
		{B385542F-488D-4E77-8095-CD2E0576F1BF}.Debug|ARM.ActiveCfg = Debug|Any CPU
		{B385542F-488D-4E77-8095-CD2E0576F1BF}.Debug|ARM.Build.0 = Debug|Any CPU
		{B385542F-488D-4E77-8095-CD2E0576F1BF}.Debug|iPhone.ActiveCfg = Debug|Any CPU
		{B385542F-488D-4E77-8095-CD2E0576F1BF}.Debug|iPhone.Build.0 = Debug|Any CPU
		{B385542F-488D-4E77-8095-CD2E0576F1BF}.Debug|iPhoneSimulator.ActiveCfg = Debug|Any CPU
		{B385542F-488D-4E77-8095-CD2E0576F1BF}.Debug|iPhoneSimulator.Build.0 = Debug|Any CPU
		{B385542F-488D-4E77-8095-CD2E0576F1BF}.Debug|x64.ActiveCfg = Debug|Any CPU
		{B385542F-488D-4E77-8095-CD2E0576F1BF}.Debug|x64.Build.0 = Debug|Any CPU
		{B385542F-488D-4E77-8095-CD2E0576F1BF}.Debug|x86.ActiveCfg = Debug|Any CPU
		{B385542F-488D-4E77-8095-CD2E0576F1BF}.Debug|x86.Build.0 = Debug|Any CPU
		{B385542F-488D-4E77-8095-CD2E0576F1BF}.Release|Any CPU.ActiveCfg = Release|Any CPU
		{B385542F-488D-4E77-8095-CD2E0576F1BF}.Release|Any CPU.Build.0 = Release|Any CPU
		{B385542F-488D-4E77-8095-CD2E0576F1BF}.Release|ARM.ActiveCfg = Release|Any CPU
		{B385542F-488D-4E77-8095-CD2E0576F1BF}.Release|ARM.Build.0 = Release|Any CPU
		{B385542F-488D-4E77-8095-CD2E0576F1BF}.Release|iPhone.ActiveCfg = Release|Any CPU
		{B385542F-488D-4E77-8095-CD2E0576F1BF}.Release|iPhone.Build.0 = Release|Any CPU
		{B385542F-488D-4E77-8095-CD2E0576F1BF}.Release|iPhoneSimulator.ActiveCfg = Release|Any CPU
		{B385542F-488D-4E77-8095-CD2E0576F1BF}.Release|iPhoneSimulator.Build.0 = Release|Any CPU
		{B385542F-488D-4E77-8095-CD2E0576F1BF}.Release|x64.ActiveCfg = Release|Any CPU
		{B385542F-488D-4E77-8095-CD2E0576F1BF}.Release|x64.Build.0 = Release|Any CPU
		{B385542F-488D-4E77-8095-CD2E0576F1BF}.Release|x86.ActiveCfg = Release|Any CPU
		{B385542F-488D-4E77-8095-CD2E0576F1BF}.Release|x86.Build.0 = Release|Any CPU
		{84D1BC1E-E86A-4179-ADCD-28D6FC4218F4}.Ad-Hoc|Any CPU.ActiveCfg = Release|Any CPU
		{84D1BC1E-E86A-4179-ADCD-28D6FC4218F4}.Ad-Hoc|Any CPU.Build.0 = Release|Any CPU
		{84D1BC1E-E86A-4179-ADCD-28D6FC4218F4}.Ad-Hoc|ARM.ActiveCfg = Release|Any CPU
		{84D1BC1E-E86A-4179-ADCD-28D6FC4218F4}.Ad-Hoc|ARM.Build.0 = Release|Any CPU
		{84D1BC1E-E86A-4179-ADCD-28D6FC4218F4}.Ad-Hoc|iPhone.ActiveCfg = Release|Any CPU
		{84D1BC1E-E86A-4179-ADCD-28D6FC4218F4}.Ad-Hoc|iPhone.Build.0 = Release|Any CPU
		{84D1BC1E-E86A-4179-ADCD-28D6FC4218F4}.Ad-Hoc|iPhoneSimulator.ActiveCfg = Release|Any CPU
		{84D1BC1E-E86A-4179-ADCD-28D6FC4218F4}.Ad-Hoc|iPhoneSimulator.Build.0 = Release|Any CPU
		{84D1BC1E-E86A-4179-ADCD-28D6FC4218F4}.Ad-Hoc|x64.ActiveCfg = Release|Any CPU
		{84D1BC1E-E86A-4179-ADCD-28D6FC4218F4}.Ad-Hoc|x64.Build.0 = Release|Any CPU
		{84D1BC1E-E86A-4179-ADCD-28D6FC4218F4}.Ad-Hoc|x86.ActiveCfg = Release|Any CPU
		{84D1BC1E-E86A-4179-ADCD-28D6FC4218F4}.Ad-Hoc|x86.Build.0 = Release|Any CPU
		{84D1BC1E-E86A-4179-ADCD-28D6FC4218F4}.AppStore|Any CPU.ActiveCfg = Release|Any CPU
		{84D1BC1E-E86A-4179-ADCD-28D6FC4218F4}.AppStore|Any CPU.Build.0 = Release|Any CPU
		{84D1BC1E-E86A-4179-ADCD-28D6FC4218F4}.AppStore|ARM.ActiveCfg = Release|Any CPU
		{84D1BC1E-E86A-4179-ADCD-28D6FC4218F4}.AppStore|ARM.Build.0 = Release|Any CPU
		{84D1BC1E-E86A-4179-ADCD-28D6FC4218F4}.AppStore|iPhone.ActiveCfg = Release|Any CPU
		{84D1BC1E-E86A-4179-ADCD-28D6FC4218F4}.AppStore|iPhone.Build.0 = Release|Any CPU
		{84D1BC1E-E86A-4179-ADCD-28D6FC4218F4}.AppStore|iPhoneSimulator.ActiveCfg = Release|Any CPU
		{84D1BC1E-E86A-4179-ADCD-28D6FC4218F4}.AppStore|iPhoneSimulator.Build.0 = Release|Any CPU
		{84D1BC1E-E86A-4179-ADCD-28D6FC4218F4}.AppStore|x64.ActiveCfg = Release|Any CPU
		{84D1BC1E-E86A-4179-ADCD-28D6FC4218F4}.AppStore|x64.Build.0 = Release|Any CPU
		{84D1BC1E-E86A-4179-ADCD-28D6FC4218F4}.AppStore|x86.ActiveCfg = Release|Any CPU
		{84D1BC1E-E86A-4179-ADCD-28D6FC4218F4}.AppStore|x86.Build.0 = Release|Any CPU
		{84D1BC1E-E86A-4179-ADCD-28D6FC4218F4}.Debug|Any CPU.ActiveCfg = Debug|Any CPU
		{84D1BC1E-E86A-4179-ADCD-28D6FC4218F4}.Debug|Any CPU.Build.0 = Debug|Any CPU
		{84D1BC1E-E86A-4179-ADCD-28D6FC4218F4}.Debug|ARM.ActiveCfg = Debug|Any CPU
		{84D1BC1E-E86A-4179-ADCD-28D6FC4218F4}.Debug|ARM.Build.0 = Debug|Any CPU
		{84D1BC1E-E86A-4179-ADCD-28D6FC4218F4}.Debug|iPhone.ActiveCfg = Debug|Any CPU
		{84D1BC1E-E86A-4179-ADCD-28D6FC4218F4}.Debug|iPhone.Build.0 = Debug|Any CPU
		{84D1BC1E-E86A-4179-ADCD-28D6FC4218F4}.Debug|iPhoneSimulator.ActiveCfg = Debug|Any CPU
		{84D1BC1E-E86A-4179-ADCD-28D6FC4218F4}.Debug|iPhoneSimulator.Build.0 = Debug|Any CPU
		{84D1BC1E-E86A-4179-ADCD-28D6FC4218F4}.Debug|x64.ActiveCfg = Debug|Any CPU
		{84D1BC1E-E86A-4179-ADCD-28D6FC4218F4}.Debug|x64.Build.0 = Debug|Any CPU
		{84D1BC1E-E86A-4179-ADCD-28D6FC4218F4}.Debug|x86.ActiveCfg = Debug|Any CPU
		{84D1BC1E-E86A-4179-ADCD-28D6FC4218F4}.Debug|x86.Build.0 = Debug|Any CPU
		{84D1BC1E-E86A-4179-ADCD-28D6FC4218F4}.Release|Any CPU.ActiveCfg = Release|Any CPU
		{84D1BC1E-E86A-4179-ADCD-28D6FC4218F4}.Release|Any CPU.Build.0 = Release|Any CPU
		{84D1BC1E-E86A-4179-ADCD-28D6FC4218F4}.Release|ARM.ActiveCfg = Release|Any CPU
		{84D1BC1E-E86A-4179-ADCD-28D6FC4218F4}.Release|ARM.Build.0 = Release|Any CPU
		{84D1BC1E-E86A-4179-ADCD-28D6FC4218F4}.Release|iPhone.ActiveCfg = Release|Any CPU
		{84D1BC1E-E86A-4179-ADCD-28D6FC4218F4}.Release|iPhone.Build.0 = Release|Any CPU
		{84D1BC1E-E86A-4179-ADCD-28D6FC4218F4}.Release|iPhoneSimulator.ActiveCfg = Release|Any CPU
		{84D1BC1E-E86A-4179-ADCD-28D6FC4218F4}.Release|iPhoneSimulator.Build.0 = Release|Any CPU
		{84D1BC1E-E86A-4179-ADCD-28D6FC4218F4}.Release|x64.ActiveCfg = Release|Any CPU
		{84D1BC1E-E86A-4179-ADCD-28D6FC4218F4}.Release|x64.Build.0 = Release|Any CPU
		{84D1BC1E-E86A-4179-ADCD-28D6FC4218F4}.Release|x86.ActiveCfg = Release|Any CPU
		{84D1BC1E-E86A-4179-ADCD-28D6FC4218F4}.Release|x86.Build.0 = Release|Any CPU
		{2B60D05B-894D-4721-9AEB-C37DF2653C71}.Ad-Hoc|Any CPU.ActiveCfg = Ad-Hoc|iPhone
		{2B60D05B-894D-4721-9AEB-C37DF2653C71}.Ad-Hoc|Any CPU.Build.0 = Ad-Hoc|iPhone
		{2B60D05B-894D-4721-9AEB-C37DF2653C71}.Ad-Hoc|ARM.ActiveCfg = Ad-Hoc|iPhone
		{2B60D05B-894D-4721-9AEB-C37DF2653C71}.Ad-Hoc|ARM.Build.0 = Ad-Hoc|iPhone
		{2B60D05B-894D-4721-9AEB-C37DF2653C71}.Ad-Hoc|iPhone.ActiveCfg = Ad-Hoc|iPhone
		{2B60D05B-894D-4721-9AEB-C37DF2653C71}.Ad-Hoc|iPhone.Build.0 = Ad-Hoc|iPhone
		{2B60D05B-894D-4721-9AEB-C37DF2653C71}.Ad-Hoc|iPhoneSimulator.ActiveCfg = Debug|iPhoneSimulator
		{2B60D05B-894D-4721-9AEB-C37DF2653C71}.Ad-Hoc|iPhoneSimulator.Build.0 = Debug|iPhoneSimulator
		{2B60D05B-894D-4721-9AEB-C37DF2653C71}.Ad-Hoc|x64.ActiveCfg = Ad-Hoc|iPhone
		{2B60D05B-894D-4721-9AEB-C37DF2653C71}.Ad-Hoc|x64.Build.0 = Ad-Hoc|iPhone
		{2B60D05B-894D-4721-9AEB-C37DF2653C71}.Ad-Hoc|x86.ActiveCfg = Ad-Hoc|iPhone
		{2B60D05B-894D-4721-9AEB-C37DF2653C71}.Ad-Hoc|x86.Build.0 = Ad-Hoc|iPhone
		{2B60D05B-894D-4721-9AEB-C37DF2653C71}.AppStore|Any CPU.ActiveCfg = AppStore|iPhone
		{2B60D05B-894D-4721-9AEB-C37DF2653C71}.AppStore|Any CPU.Build.0 = AppStore|iPhone
		{2B60D05B-894D-4721-9AEB-C37DF2653C71}.AppStore|ARM.ActiveCfg = AppStore|iPhone
		{2B60D05B-894D-4721-9AEB-C37DF2653C71}.AppStore|ARM.Build.0 = AppStore|iPhone
		{2B60D05B-894D-4721-9AEB-C37DF2653C71}.AppStore|iPhone.ActiveCfg = AppStore|iPhone
		{2B60D05B-894D-4721-9AEB-C37DF2653C71}.AppStore|iPhone.Build.0 = AppStore|iPhone
		{2B60D05B-894D-4721-9AEB-C37DF2653C71}.AppStore|iPhoneSimulator.ActiveCfg = Debug|iPhoneSimulator
		{2B60D05B-894D-4721-9AEB-C37DF2653C71}.AppStore|iPhoneSimulator.Build.0 = Debug|iPhoneSimulator
		{2B60D05B-894D-4721-9AEB-C37DF2653C71}.AppStore|x64.ActiveCfg = AppStore|iPhone
		{2B60D05B-894D-4721-9AEB-C37DF2653C71}.AppStore|x64.Build.0 = AppStore|iPhone
		{2B60D05B-894D-4721-9AEB-C37DF2653C71}.AppStore|x86.ActiveCfg = AppStore|iPhone
		{2B60D05B-894D-4721-9AEB-C37DF2653C71}.AppStore|x86.Build.0 = AppStore|iPhone
		{2B60D05B-894D-4721-9AEB-C37DF2653C71}.Debug|Any CPU.ActiveCfg = Debug|iPhoneSimulator
		{2B60D05B-894D-4721-9AEB-C37DF2653C71}.Debug|Any CPU.Build.0 = Debug|iPhoneSimulator
		{2B60D05B-894D-4721-9AEB-C37DF2653C71}.Debug|ARM.ActiveCfg = Debug|iPhoneSimulator
		{2B60D05B-894D-4721-9AEB-C37DF2653C71}.Debug|ARM.Build.0 = Debug|iPhoneSimulator
		{2B60D05B-894D-4721-9AEB-C37DF2653C71}.Debug|iPhone.ActiveCfg = Debug|iPhone
		{2B60D05B-894D-4721-9AEB-C37DF2653C71}.Debug|iPhone.Build.0 = Debug|iPhone
		{2B60D05B-894D-4721-9AEB-C37DF2653C71}.Debug|iPhoneSimulator.ActiveCfg = Debug|iPhoneSimulator
		{2B60D05B-894D-4721-9AEB-C37DF2653C71}.Debug|iPhoneSimulator.Build.0 = Debug|iPhoneSimulator
		{2B60D05B-894D-4721-9AEB-C37DF2653C71}.Debug|x64.ActiveCfg = Debug|iPhoneSimulator
		{2B60D05B-894D-4721-9AEB-C37DF2653C71}.Debug|x64.Build.0 = Debug|iPhoneSimulator
		{2B60D05B-894D-4721-9AEB-C37DF2653C71}.Debug|x86.ActiveCfg = Debug|iPhoneSimulator
		{2B60D05B-894D-4721-9AEB-C37DF2653C71}.Debug|x86.Build.0 = Debug|iPhoneSimulator
		{2B60D05B-894D-4721-9AEB-C37DF2653C71}.Release|Any CPU.ActiveCfg = Release|iPhoneSimulator
		{2B60D05B-894D-4721-9AEB-C37DF2653C71}.Release|Any CPU.Build.0 = Release|iPhoneSimulator
		{2B60D05B-894D-4721-9AEB-C37DF2653C71}.Release|ARM.ActiveCfg = Release|iPhoneSimulator
		{2B60D05B-894D-4721-9AEB-C37DF2653C71}.Release|ARM.Build.0 = Release|iPhoneSimulator
		{2B60D05B-894D-4721-9AEB-C37DF2653C71}.Release|iPhone.ActiveCfg = Release|iPhone
		{2B60D05B-894D-4721-9AEB-C37DF2653C71}.Release|iPhone.Build.0 = Release|iPhone
		{2B60D05B-894D-4721-9AEB-C37DF2653C71}.Release|iPhoneSimulator.ActiveCfg = Release|iPhoneSimulator
		{2B60D05B-894D-4721-9AEB-C37DF2653C71}.Release|iPhoneSimulator.Build.0 = Release|iPhoneSimulator
		{2B60D05B-894D-4721-9AEB-C37DF2653C71}.Release|x64.ActiveCfg = Release|iPhoneSimulator
		{2B60D05B-894D-4721-9AEB-C37DF2653C71}.Release|x64.Build.0 = Release|iPhoneSimulator
		{2B60D05B-894D-4721-9AEB-C37DF2653C71}.Release|x86.ActiveCfg = Release|iPhoneSimulator
		{2B60D05B-894D-4721-9AEB-C37DF2653C71}.Release|x86.Build.0 = Release|iPhoneSimulator
		{08764079-FC5F-4416-95C1-5200CCADED39}.Ad-Hoc|Any CPU.ActiveCfg = Release|Any CPU
		{08764079-FC5F-4416-95C1-5200CCADED39}.Ad-Hoc|Any CPU.Build.0 = Release|Any CPU
		{08764079-FC5F-4416-95C1-5200CCADED39}.Ad-Hoc|ARM.ActiveCfg = Release|Any CPU
		{08764079-FC5F-4416-95C1-5200CCADED39}.Ad-Hoc|ARM.Build.0 = Release|Any CPU
		{08764079-FC5F-4416-95C1-5200CCADED39}.Ad-Hoc|iPhone.ActiveCfg = Release|Any CPU
		{08764079-FC5F-4416-95C1-5200CCADED39}.Ad-Hoc|iPhone.Build.0 = Release|Any CPU
		{08764079-FC5F-4416-95C1-5200CCADED39}.Ad-Hoc|iPhoneSimulator.ActiveCfg = Debug|Any CPU
		{08764079-FC5F-4416-95C1-5200CCADED39}.Ad-Hoc|iPhoneSimulator.Build.0 = Debug|Any CPU
		{08764079-FC5F-4416-95C1-5200CCADED39}.Ad-Hoc|x64.ActiveCfg = Release|Any CPU
		{08764079-FC5F-4416-95C1-5200CCADED39}.Ad-Hoc|x64.Build.0 = Release|Any CPU
		{08764079-FC5F-4416-95C1-5200CCADED39}.Ad-Hoc|x86.ActiveCfg = Release|Any CPU
		{08764079-FC5F-4416-95C1-5200CCADED39}.Ad-Hoc|x86.Build.0 = Release|Any CPU
		{08764079-FC5F-4416-95C1-5200CCADED39}.AppStore|Any CPU.ActiveCfg = Release|Any CPU
		{08764079-FC5F-4416-95C1-5200CCADED39}.AppStore|Any CPU.Build.0 = Release|Any CPU
		{08764079-FC5F-4416-95C1-5200CCADED39}.AppStore|ARM.ActiveCfg = Release|Any CPU
		{08764079-FC5F-4416-95C1-5200CCADED39}.AppStore|ARM.Build.0 = Release|Any CPU
		{08764079-FC5F-4416-95C1-5200CCADED39}.AppStore|iPhone.ActiveCfg = Release|Any CPU
		{08764079-FC5F-4416-95C1-5200CCADED39}.AppStore|iPhone.Build.0 = Release|Any CPU
		{08764079-FC5F-4416-95C1-5200CCADED39}.AppStore|iPhoneSimulator.ActiveCfg = Debug|Any CPU
		{08764079-FC5F-4416-95C1-5200CCADED39}.AppStore|iPhoneSimulator.Build.0 = Debug|Any CPU
		{08764079-FC5F-4416-95C1-5200CCADED39}.AppStore|x64.ActiveCfg = Release|Any CPU
		{08764079-FC5F-4416-95C1-5200CCADED39}.AppStore|x64.Build.0 = Release|Any CPU
		{08764079-FC5F-4416-95C1-5200CCADED39}.AppStore|x86.ActiveCfg = Release|Any CPU
		{08764079-FC5F-4416-95C1-5200CCADED39}.AppStore|x86.Build.0 = Release|Any CPU
		{08764079-FC5F-4416-95C1-5200CCADED39}.Debug|Any CPU.ActiveCfg = Debug|Any CPU
		{08764079-FC5F-4416-95C1-5200CCADED39}.Debug|Any CPU.Build.0 = Debug|Any CPU
		{08764079-FC5F-4416-95C1-5200CCADED39}.Debug|ARM.ActiveCfg = Debug|Any CPU
		{08764079-FC5F-4416-95C1-5200CCADED39}.Debug|ARM.Build.0 = Debug|Any CPU
		{08764079-FC5F-4416-95C1-5200CCADED39}.Debug|iPhone.ActiveCfg = Debug|Any CPU
		{08764079-FC5F-4416-95C1-5200CCADED39}.Debug|iPhone.Build.0 = Debug|Any CPU
		{08764079-FC5F-4416-95C1-5200CCADED39}.Debug|iPhoneSimulator.ActiveCfg = Debug|Any CPU
		{08764079-FC5F-4416-95C1-5200CCADED39}.Debug|iPhoneSimulator.Build.0 = Debug|Any CPU
		{08764079-FC5F-4416-95C1-5200CCADED39}.Debug|x64.ActiveCfg = Debug|Any CPU
		{08764079-FC5F-4416-95C1-5200CCADED39}.Debug|x64.Build.0 = Debug|Any CPU
		{08764079-FC5F-4416-95C1-5200CCADED39}.Debug|x86.ActiveCfg = Debug|Any CPU
		{08764079-FC5F-4416-95C1-5200CCADED39}.Debug|x86.Build.0 = Debug|Any CPU
		{08764079-FC5F-4416-95C1-5200CCADED39}.Release|Any CPU.ActiveCfg = Release|Any CPU
		{08764079-FC5F-4416-95C1-5200CCADED39}.Release|Any CPU.Build.0 = Release|Any CPU
		{08764079-FC5F-4416-95C1-5200CCADED39}.Release|ARM.ActiveCfg = Release|Any CPU
		{08764079-FC5F-4416-95C1-5200CCADED39}.Release|ARM.Build.0 = Release|Any CPU
		{08764079-FC5F-4416-95C1-5200CCADED39}.Release|iPhone.ActiveCfg = Release|Any CPU
		{08764079-FC5F-4416-95C1-5200CCADED39}.Release|iPhone.Build.0 = Release|Any CPU
		{08764079-FC5F-4416-95C1-5200CCADED39}.Release|iPhoneSimulator.ActiveCfg = Release|Any CPU
		{08764079-FC5F-4416-95C1-5200CCADED39}.Release|iPhoneSimulator.Build.0 = Release|Any CPU
		{08764079-FC5F-4416-95C1-5200CCADED39}.Release|x64.ActiveCfg = Release|Any CPU
		{08764079-FC5F-4416-95C1-5200CCADED39}.Release|x64.Build.0 = Release|Any CPU
		{08764079-FC5F-4416-95C1-5200CCADED39}.Release|x86.ActiveCfg = Release|Any CPU
		{08764079-FC5F-4416-95C1-5200CCADED39}.Release|x86.Build.0 = Release|Any CPU
	EndGlobalSection
	GlobalSection(SolutionProperties) = preSolution
		HideSolutionNode = FALSE
	EndGlobalSection
	GlobalSection(ExtensibilityGlobals) = postSolution
		SolutionGuid = {24644278-E8F6-49B9-ABC5-12CFA932DE8E}
	EndGlobalSection
	GlobalSection(NestedProjects) = preSolution
		{E9B44758-2AAF-47B7-AB5A-BA9EC786F7A6} = {3AB0AE99-AF04-4EE4-B88F-5D42672D5583}
		{047A58F8-15B2-43BE-BF8C-94EB9914C7B7} = {3AB0AE99-AF04-4EE4-B88F-5D42672D5583}
		{59D15403-8928-46B1-B7F8-D34B3FB13DEB} = {3AB0AE99-AF04-4EE4-B88F-5D42672D5583}
	EndGlobalSection
EndGlobal
